
Microsoft Visual Studio Solution File, Format Version 12.00
# Visual Studio Version 17
VisualStudioVersion = 17.5.002.0
MinimumVisualStudioVersion = 10.0.40219.1
Project("{2150E333-8FDC-42A3-9474-1A3956D46DE8}") = "csharp-prep", "csharp-prep", "{0A8CC97B-5D87-409B-A743-E7015839086A}"
EndProject
Project("{9A19103F-16F7-4668-BE54-9A1E7A4F7556}") = "Prep1", "csharp-prep\Prep1\Prep1.csproj", "{8A85DA89-A5AE-4810-B675-C717324DF033}"
EndProject
Project("{9A19103F-16F7-4668-BE54-9A1E7A4F7556}") = "Prep2", "csharp-prep\Prep2\Prep2.csproj", "{E7F763CD-971F-4097-9DC9-56BFC4F815A5}"
EndProject
Project("{9A19103F-16F7-4668-BE54-9A1E7A4F7556}") = "Prep3", "csharp-prep\Prep3\Prep3.csproj", "{9DD8B14F-9C7B-4D59-B64B-98B4428A17D1}"
EndProject
Project("{9A19103F-16F7-4668-BE54-9A1E7A4F7556}") = "Prep4", "csharp-prep\Prep4\Prep4.csproj", "{D0267977-313E-49D5-9498-04610FFC8E38}"
EndProject
Project("{9A19103F-16F7-4668-BE54-9A1E7A4F7556}") = "Prep5", "csharp-prep\Prep5\Prep5.csproj", "{15924888-BB20-4667-B0B2-45CC73E588F0}"
EndProject
Project("{2150E333-8FDC-42A3-9474-1A3956D46DE8}") = "final", "final", "{4BEA5E76-2871-40E2-A4B7-A48BEEEB32EC}"
EndProject
Project("{9A19103F-16F7-4668-BE54-9A1E7A4F7556}") = "FinalProject", "final\FinalProject\FinalProject.csproj", "{06193F11-8E80-4A2A-8512-8A536735DDEE}"
EndProject
Project("{9A19103F-16F7-4668-BE54-9A1E7A4F7556}") = "Foundation1", "final\Foundation1\Foundation1.csproj", "{5F506D7B-77FB-407E-981E-171AC9E5A117}"
EndProject
Project("{9A19103F-16F7-4668-BE54-9A1E7A4F7556}") = "Foundation2", "final\Foundation2\Foundation2.csproj", "{525B7460-B83E-48A6-839B-F7FD157DB959}"
EndProject
Project("{9A19103F-16F7-4668-BE54-9A1E7A4F7556}") = "Foundation3", "final\Foundation3\Foundation3.csproj", "{70F42B43-4951-46C0-BA42-74DD5A31D503}"
EndProject
Project("{9A19103F-16F7-4668-BE54-9A1E7A4F7556}") = "Foundation4", "final\Foundation4\Foundation4.csproj", "{FC8E81B0-BE4D-42EF-9663-592D8E96268B}"
EndProject
Project("{2150E333-8FDC-42A3-9474-1A3956D46DE8}") = "prepare", "prepare", "{96C031D8-05B2-46EA-88D1-28D921D25D4E}"
EndProject
Project("{9A19103F-16F7-4668-BE54-9A1E7A4F7556}") = "Learning02", "prepare\Learning02\Learning02.csproj", "{CABD3F80-5431-4CA2-8175-761056A8EFCE}"
EndProject
Project("{9A19103F-16F7-4668-BE54-9A1E7A4F7556}") = "Learning03", "prepare\Learning03\Learning03.csproj", "{FB997205-D800-4F1C-9DEF-CC9D20E621F5}"
EndProject
Project("{9A19103F-16F7-4668-BE54-9A1E7A4F7556}") = "Learning04", "prepare\Learning04\Learning04.csproj", "{ED3F721A-6F7B-403B-9986-0D2E6D57A5DA}"
EndProject
Project("{9A19103F-16F7-4668-BE54-9A1E7A4F7556}") = "Learning05", "prepare\Learning05\Learning05.csproj", "{B41A7683-F8FB-46F3-91D0-4815279148E1}"
EndProject
Project("{2150E333-8FDC-42A3-9474-1A3956D46DE8}") = "prove", "prove", "{2E6BB156-045A-4A0E-B818-EEB8FD09B08B}"
EndProject
Project("{9A19103F-16F7-4668-BE54-9A1E7A4F7556}") = "Develop02", "prove\Develop02\Develop02.csproj", "{D49DF1FB-1DC2-4F9D-9A6D-2552FDA3A1FE}"
EndProject
Project("{9A19103F-16F7-4668-BE54-9A1E7A4F7556}") = "Develop03", "prove\Develop03\Develop03.csproj", "{99A26B09-8452-489D-A392-D395ACEC60CA}"
EndProject
Project("{9A19103F-16F7-4668-BE54-9A1E7A4F7556}") = "Develop04", "prove\Develop04\Develop04.csproj", "{34C264CF-DB89-4AC3-8936-309CA49F369F}"
EndProject
Project("{9A19103F-16F7-4668-BE54-9A1E7A4F7556}") = "Develop05", "prove\Develop05\Develop05.csproj", "{463B73C3-E35F-4B93-A978-4D6A0A3FCF3E}"
EndProject
Project("{2150E333-8FDC-42A3-9474-1A3956D46DE8}") = "sandbox", "sandbox", "{25F7F9AD-7C71-4A15-A3A3-9549560A4CDB}"
EndProject
Project("{9A19103F-16F7-4668-BE54-9A1E7A4F7556}") = "Sandbox", "sandbox\Sandbox\Sandbox.csproj", "{1B4428AC-F485-49B2-92A1-0452A2E994FA}"
EndProject
Global
	GlobalSection(SolutionConfigurationPlatforms) = preSolution
		Debug|Any CPU = Debug|Any CPU
		Release|Any CPU = Release|Any CPU
	EndGlobalSection
	GlobalSection(ProjectConfigurationPlatforms) = postSolution
		{8A85DA89-A5AE-4810-B675-C717324DF033}.Debug|Any CPU.ActiveCfg = Debug|Any CPU
		{8A85DA89-A5AE-4810-B675-C717324DF033}.Debug|Any CPU.Build.0 = Debug|Any CPU
		{8A85DA89-A5AE-4810-B675-C717324DF033}.Release|Any CPU.ActiveCfg = Release|Any CPU
		{8A85DA89-A5AE-4810-B675-C717324DF033}.Release|Any CPU.Build.0 = Release|Any CPU
		{E7F763CD-971F-4097-9DC9-56BFC4F815A5}.Debug|Any CPU.ActiveCfg = Debug|Any CPU
		{E7F763CD-971F-4097-9DC9-56BFC4F815A5}.Debug|Any CPU.Build.0 = Debug|Any CPU
		{E7F763CD-971F-4097-9DC9-56BFC4F815A5}.Release|Any CPU.ActiveCfg = Release|Any CPU
		{E7F763CD-971F-4097-9DC9-56BFC4F815A5}.Release|Any CPU.Build.0 = Release|Any CPU
		{9DD8B14F-9C7B-4D59-B64B-98B4428A17D1}.Debug|Any CPU.ActiveCfg = Debug|Any CPU
		{9DD8B14F-9C7B-4D59-B64B-98B4428A17D1}.Debug|Any CPU.Build.0 = Debug|Any CPU
		{9DD8B14F-9C7B-4D59-B64B-98B4428A17D1}.Release|Any CPU.ActiveCfg = Release|Any CPU
		{9DD8B14F-9C7B-4D59-B64B-98B4428A17D1}.Release|Any CPU.Build.0 = Release|Any CPU
		{D0267977-313E-49D5-9498-04610FFC8E38}.Debug|Any CPU.ActiveCfg = Debug|Any CPU
		{D0267977-313E-49D5-9498-04610FFC8E38}.Debug|Any CPU.Build.0 = Debug|Any CPU
		{D0267977-313E-49D5-9498-04610FFC8E38}.Release|Any CPU.ActiveCfg = Release|Any CPU
		{D0267977-313E-49D5-9498-04610FFC8E38}.Release|Any CPU.Build.0 = Release|Any CPU
		{15924888-BB20-4667-B0B2-45CC73E588F0}.Debug|Any CPU.ActiveCfg = Debug|Any CPU
		{15924888-BB20-4667-B0B2-45CC73E588F0}.Debug|Any CPU.Build.0 = Debug|Any CPU
		{15924888-BB20-4667-B0B2-45CC73E588F0}.Release|Any CPU.ActiveCfg = Release|Any CPU
		{15924888-BB20-4667-B0B2-45CC73E588F0}.Release|Any CPU.Build.0 = Release|Any CPU
		{06193F11-8E80-4A2A-8512-8A536735DDEE}.Debug|Any CPU.ActiveCfg = Debug|Any CPU
		{06193F11-8E80-4A2A-8512-8A536735DDEE}.Debug|Any CPU.Build.0 = Debug|Any CPU
		{06193F11-8E80-4A2A-8512-8A536735DDEE}.Release|Any CPU.ActiveCfg = Release|Any CPU
		{06193F11-8E80-4A2A-8512-8A536735DDEE}.Release|Any CPU.Build.0 = Release|Any CPU
		{5F506D7B-77FB-407E-981E-171AC9E5A117}.Debug|Any CPU.ActiveCfg = Debug|Any CPU
		{5F506D7B-77FB-407E-981E-171AC9E5A117}.Debug|Any CPU.Build.0 = Debug|Any CPU
		{5F506D7B-77FB-407E-981E-171AC9E5A117}.Release|Any CPU.ActiveCfg = Release|Any CPU
		{5F506D7B-77FB-407E-981E-171AC9E5A117}.Release|Any CPU.Build.0 = Release|Any CPU
		{525B7460-B83E-48A6-839B-F7FD157DB959}.Debug|Any CPU.ActiveCfg = Debug|Any CPU
		{525B7460-B83E-48A6-839B-F7FD157DB959}.Debug|Any CPU.Build.0 = Debug|Any CPU
		{525B7460-B83E-48A6-839B-F7FD157DB959}.Release|Any CPU.ActiveCfg = Release|Any CPU
		{525B7460-B83E-48A6-839B-F7FD157DB959}.Release|Any CPU.Build.0 = Release|Any CPU
		{70F42B43-4951-46C0-BA42-74DD5A31D503}.Debug|Any CPU.ActiveCfg = Debug|Any CPU
		{70F42B43-4951-46C0-BA42-74DD5A31D503}.Debug|Any CPU.Build.0 = Debug|Any CPU
		{70F42B43-4951-46C0-BA42-74DD5A31D503}.Release|Any CPU.ActiveCfg = Release|Any CPU
		{70F42B43-4951-46C0-BA42-74DD5A31D503}.Release|Any CPU.Build.0 = Release|Any CPU
		{FC8E81B0-BE4D-42EF-9663-592D8E96268B}.Debug|Any CPU.ActiveCfg = Debug|Any CPU
		{FC8E81B0-BE4D-42EF-9663-592D8E96268B}.Debug|Any CPU.Build.0 = Debug|Any CPU
		{FC8E81B0-BE4D-42EF-9663-592D8E96268B}.Release|Any CPU.ActiveCfg = Release|Any CPU
		{FC8E81B0-BE4D-42EF-9663-592D8E96268B}.Release|Any CPU.Build.0 = Release|Any CPU
		{CABD3F80-5431-4CA2-8175-761056A8EFCE}.Debug|Any CPU.ActiveCfg = Debug|Any CPU
		{CABD3F80-5431-4CA2-8175-761056A8EFCE}.Debug|Any CPU.Build.0 = Debug|Any CPU
		{CABD3F80-5431-4CA2-8175-761056A8EFCE}.Release|Any CPU.ActiveCfg = Release|Any CPU
		{CABD3F80-5431-4CA2-8175-761056A8EFCE}.Release|Any CPU.Build.0 = Release|Any CPU
		{FB997205-D800-4F1C-9DEF-CC9D20E621F5}.Debug|Any CPU.ActiveCfg = Debug|Any CPU
		{FB997205-D800-4F1C-9DEF-CC9D20E621F5}.Debug|Any CPU.Build.0 = Debug|Any CPU
		{FB997205-D800-4F1C-9DEF-CC9D20E621F5}.Release|Any CPU.ActiveCfg = Release|Any CPU
		{FB997205-D800-4F1C-9DEF-CC9D20E621F5}.Release|Any CPU.Build.0 = Release|Any CPU
		{ED3F721A-6F7B-403B-9986-0D2E6D57A5DA}.Debug|Any CPU.ActiveCfg = Debug|Any CPU
		{ED3F721A-6F7B-403B-9986-0D2E6D57A5DA}.Debug|Any CPU.Build.0 = Debug|Any CPU
		{ED3F721A-6F7B-403B-9986-0D2E6D57A5DA}.Release|Any CPU.ActiveCfg = Release|Any CPU
		{ED3F721A-6F7B-403B-9986-0D2E6D57A5DA}.Release|Any CPU.Build.0 = Release|Any CPU
		{B41A7683-F8FB-46F3-91D0-4815279148E1}.Debug|Any CPU.ActiveCfg = Debug|Any CPU
		{B41A7683-F8FB-46F3-91D0-4815279148E1}.Debug|Any CPU.Build.0 = Debug|Any CPU
		{B41A7683-F8FB-46F3-91D0-4815279148E1}.Release|Any CPU.ActiveCfg = Release|Any CPU
		{B41A7683-F8FB-46F3-91D0-4815279148E1}.Release|Any CPU.Build.0 = Release|Any CPU
		{D49DF1FB-1DC2-4F9D-9A6D-2552FDA3A1FE}.Debug|Any CPU.ActiveCfg = Debug|Any CPU
		{D49DF1FB-1DC2-4F9D-9A6D-2552FDA3A1FE}.Debug|Any CPU.Build.0 = Debug|Any CPU
		{D49DF1FB-1DC2-4F9D-9A6D-2552FDA3A1FE}.Release|Any CPU.ActiveCfg = Release|Any CPU
		{D49DF1FB-1DC2-4F9D-9A6D-2552FDA3A1FE}.Release|Any CPU.Build.0 = Release|Any CPU
		{99A26B09-8452-489D-A392-D395ACEC60CA}.Debug|Any CPU.ActiveCfg = Debug|Any CPU
		{99A26B09-8452-489D-A392-D395ACEC60CA}.Debug|Any CPU.Build.0 = Debug|Any CPU
		{99A26B09-8452-489D-A392-D395ACEC60CA}.Release|Any CPU.ActiveCfg = Release|Any CPU
		{99A26B09-8452-489D-A392-D395ACEC60CA}.Release|Any CPU.Build.0 = Release|Any CPU
		{34C264CF-DB89-4AC3-8936-309CA49F369F}.Debug|Any CPU.ActiveCfg = Debug|Any CPU
		{34C264CF-DB89-4AC3-8936-309CA49F369F}.Debug|Any CPU.Build.0 = Debug|Any CPU
		{34C264CF-DB89-4AC3-8936-309CA49F369F}.Release|Any CPU.ActiveCfg = Release|Any CPU
		{34C264CF-DB89-4AC3-8936-309CA49F369F}.Release|Any CPU.Build.0 = Release|Any CPU
		{463B73C3-E35F-4B93-A978-4D6A0A3FCF3E}.Debug|Any CPU.ActiveCfg = Debug|Any CPU
		{463B73C3-E35F-4B93-A978-4D6A0A3FCF3E}.Debug|Any CPU.Build.0 = Debug|Any CPU
		{463B73C3-E35F-4B93-A978-4D6A0A3FCF3E}.Release|Any CPU.ActiveCfg = Release|Any CPU
		{463B73C3-E35F-4B93-A978-4D6A0A3FCF3E}.Release|Any CPU.Build.0 = Release|Any CPU
		{1B4428AC-F485-49B2-92A1-0452A2E994FA}.Debug|Any CPU.ActiveCfg = Debug|Any CPU
		{1B4428AC-F485-49B2-92A1-0452A2E994FA}.Debug|Any CPU.Build.0 = Debug|Any CPU
		{1B4428AC-F485-49B2-92A1-0452A2E994FA}.Release|Any CPU.ActiveCfg = Release|Any CPU
		{1B4428AC-F485-49B2-92A1-0452A2E994FA}.Release|Any CPU.Build.0 = Release|Any CPU
	EndGlobalSection
	GlobalSection(SolutionProperties) = preSolution
		HideSolutionNode = FALSE
	EndGlobalSection
	GlobalSection(NestedProjects) = preSolution
		{8A85DA89-A5AE-4810-B675-C717324DF033} = {0A8CC97B-5D87-409B-A743-E7015839086A}
		{E7F763CD-971F-4097-9DC9-56BFC4F815A5} = {0A8CC97B-5D87-409B-A743-E7015839086A}
		{9DD8B14F-9C7B-4D59-B64B-98B4428A17D1} = {0A8CC97B-5D87-409B-A743-E7015839086A}
		{D0267977-313E-49D5-9498-04610FFC8E38} = {0A8CC97B-5D87-409B-A743-E7015839086A}
		{15924888-BB20-4667-B0B2-45CC73E588F0} = {0A8CC97B-5D87-409B-A743-E7015839086A}
		{06193F11-8E80-4A2A-8512-8A536735DDEE} = {4BEA5E76-2871-40E2-A4B7-A48BEEEB32EC}
		{5F506D7B-77FB-407E-981E-171AC9E5A117} = {4BEA5E76-2871-40E2-A4B7-A48BEEEB32EC}
		{525B7460-B83E-48A6-839B-F7FD157DB959} = {4BEA5E76-2871-40E2-A4B7-A48BEEEB32EC}
		{70F42B43-4951-46C0-BA42-74DD5A31D503} = {4BEA5E76-2871-40E2-A4B7-A48BEEEB32EC}
		{FC8E81B0-BE4D-42EF-9663-592D8E96268B} = {4BEA5E76-2871-40E2-A4B7-A48BEEEB32EC}
		{CABD3F80-5431-4CA2-8175-761056A8EFCE} = {96C031D8-05B2-46EA-88D1-28D921D25D4E}
		{FB997205-D800-4F1C-9DEF-CC9D20E621F5} = {96C031D8-05B2-46EA-88D1-28D921D25D4E}
		{ED3F721A-6F7B-403B-9986-0D2E6D57A5DA} = {96C031D8-05B2-46EA-88D1-28D921D25D4E}
		{B41A7683-F8FB-46F3-91D0-4815279148E1} = {96C031D8-05B2-46EA-88D1-28D921D25D4E}
		{D49DF1FB-1DC2-4F9D-9A6D-2552FDA3A1FE} = {2E6BB156-045A-4A0E-B818-EEB8FD09B08B}
		{99A26B09-8452-489D-A392-D395ACEC60CA} = {2E6BB156-045A-4A0E-B818-EEB8FD09B08B}
		{34C264CF-DB89-4AC3-8936-309CA49F369F} = {2E6BB156-045A-4A0E-B818-EEB8FD09B08B}
		{463B73C3-E35F-4B93-A978-4D6A0A3FCF3E} = {2E6BB156-045A-4A0E-B818-EEB8FD09B08B}
		{1B4428AC-F485-49B2-92A1-0452A2E994FA} = {25F7F9AD-7C71-4A15-A3A3-9549560A4CDB}
	EndGlobalSection
	GlobalSection(ExtensibilityGlobals) = postSolution
		SolutionGuid = {7B50AD02-3D6C-4752-8615-61C6D2DC81A3}
	EndGlobalSection
EndGlobal
